{
	"name": "icomponent-hyper",
	"version": "3.3.2",
	"lockfileVersion": 1,
	"requires": true,
	"dependencies": {
		"hyperhtml": {
			"version": "2.17.0",
			"resolved": "https://registry.npmjs.org/hyperhtml/-/hyperhtml-2.17.0.tgz",
			"integrity": "sha512-QHI/x5boWsyyRXvxUgWWNvOSrys8zkNCTXz/bhCS5gsTedJ35zaTyHrkVHCMTT+FeRZ/+Zbgfn2NHrllV+RkuA==",
			"requires": {
				"lightercollective": "^0.1.0"
			}
		},
		"lightercollective": {
			"version": "0.1.0",
			"resolved": "https://registry.npmjs.org/lightercollective/-/lightercollective-0.1.0.tgz",
			"integrity": "sha512-J9tg5uraYoQKaWbmrzDDexbG6hHnMcWS1qLYgJSWE+mpA3U5OCSeMUhb+K55otgZJ34oFdR0ECvdIb3xuO5JOQ=="
		},
		"typescript": {
			"version": "3.1.6",
			"resolved": "https://registry.npmjs.org/typescript/-/typescript-3.1.6.tgz",
			"integrity": "sha512-tDMYfVtvpb96msS1lDX9MEdHrW4yOuZ4Kdc4Him9oU796XldPYF/t2+uKoX0BBa0hXXwDlqYQbXY5Rzjzc5hBA==",
			"dev": true
		}
	}
}
